
Microsoft Visual Studio Solution File, Format Version 12.00
# Visual Studio Version 16
VisualStudioVersion = 16.0.31515.178
MinimumVisualStudioVersion = 10.0.40219.1
Project("{FAE04EC0-301F-11D3-BF4B-00C04F79EFBC}") = "CrudEntityFramework", "CrudEntityFramework\CrudEntityFramework.csproj", "{1A5AA22B-3036-41CB-822E-1E15FBB4BA92}"
EndProject
Global
	GlobalSection(SolutionConfigurationPlatforms) = preSolution
		Debug|Any CPU = Debug|Any CPU
		Release|Any CPU = Release|Any CPU
	EndGlobalSection
	GlobalSection(ProjectConfigurationPlatforms) = postSolution
		{1A5AA22B-3036-41CB-822E-1E15FBB4BA92}.Debug|Any CPU.ActiveCfg = Debug|Any CPU
		{1A5AA22B-3036-41CB-822E-1E15FBB4BA92}.Debug|Any CPU.Build.0 = Debug|Any CPU
		{1A5AA22B-3036-41CB-822E-1E15FBB4BA92}.Release|Any CPU.ActiveCfg = Release|Any CPU
		{1A5AA22B-3036-41CB-822E-1E15FBB4BA92}.Release|Any CPU.Build.0 = Release|Any CPU
	EndGlobalSection
	GlobalSection(SolutionProperties) = preSolution
		HideSolutionNode = FALSE
	EndGlobalSection
	GlobalSection(ExtensibilityGlobals) = postSolution
		SolutionGuid = {B607DC40-2F33-4441-89DD-B80C1153B3BE}
	EndGlobalSection
EndGlobal
